// !$*UTF8*$!
{
	archiveVersion = 1;
	classes = {
	};
	objectVersion = 46;
	objects = {

/* Begin PBXBuildFile section */
		02069E061C114E5C007E18EB /* MediaDescriptionTableViewCell.swift in Sources */ = {isa = PBXBuildFile; fileRef = 02069E051C114E5C007E18EB /* MediaDescriptionTableViewCell.swift */; };
		02069E081C114E68007E18EB /* CommentsTableViewCell.swift in Sources */ = {isa = PBXBuildFile; fileRef = 02069E071C114E68007E18EB /* CommentsTableViewCell.swift */; };
		021C1BF51C4F33B000FDEFED /* LeafView.swift in Sources */ = {isa = PBXBuildFile; fileRef = 021C1BF41C4F33B000FDEFED /* LeafView.swift */; };
		021C900A1BEFF5DD00C79538 /* RootViewController.swift in Sources */ = {isa = PBXBuildFile; fileRef = 021C90091BEFF5DD00C79538 /* RootViewController.swift */; };
		021C900C1BEFFF7000C79538 /* HomeViewController.swift in Sources */ = {isa = PBXBuildFile; fileRef = 021C900B1BEFFF7000C79538 /* HomeViewController.swift */; };
		021C900E1BF0012C00C79538 /* MenuTableViewController.swift in Sources */ = {isa = PBXBuildFile; fileRef = 021C900D1BF0012C00C79538 /* MenuTableViewController.swift */; };
		021C90101BF0135B00C79538 /* SideMenuClient.swift in Sources */ = {isa = PBXBuildFile; fileRef = 021C900F1BF0135B00C79538 /* SideMenuClient.swift */; };
		0221BB521C6663C00027EB42 /* WitnessRequestViewController.swift in Sources */ = {isa = PBXBuildFile; fileRef = 0221BB511C6663C00027EB42 /* WitnessRequestViewController.swift */; };
		0221BB541C66FC7C0027EB42 /* Witness.swift in Sources */ = {isa = PBXBuildFile; fileRef = 0221BB531C66FC7C0027EB42 /* Witness.swift */; };
		0221BB581C67938A0027EB42 /* ProfileLoadViewController.swift in Sources */ = {isa = PBXBuildFile; fileRef = 0221BB571C67938A0027EB42 /* ProfileLoadViewController.swift */; };
		0221BB5A1C6804240027EB42 /* CommentsTableViewController.swift in Sources */ = {isa = PBXBuildFile; fileRef = 0221BB591C6804240027EB42 /* CommentsTableViewController.swift */; };
		022AB6911C5C251900F1168E /* LeafGrouping.swift in Sources */ = {isa = PBXBuildFile; fileRef = 022AB6901C5C251900F1168E /* LeafGrouping.swift */; };
		022AB6931C5C313D00F1168E /* ColorExtensions.swift in Sources */ = {isa = PBXBuildFile; fileRef = 022AB6921C5C313D00F1168E /* ColorExtensions.swift */; };
		022AB6971C5C45AA00F1168E /* LeafConnection.swift in Sources */ = {isa = PBXBuildFile; fileRef = 022AB6961C5C45AA00F1168E /* LeafConnection.swift */; };
		023355C81BD9E88B00E4D35F /* UserSearchResultTableViewCell.swift in Sources */ = {isa = PBXBuildFile; fileRef = 023355C71BD9E88B00E4D35F /* UserSearchResultTableViewCell.swift */; };
		0234BEFB1C59CBB40008BA89 /* Friendship.swift in Sources */ = {isa = PBXBuildFile; fileRef = 0234BEFA1C59CBB40008BA89 /* Friendship.swift */; };
		0239E5811BDBEF5C00D85C3C /* ProfileViewController.swift in Sources */ = {isa = PBXBuildFile; fileRef = 0239E5801BDBEF5C00D85C3C /* ProfileViewController.swift */; };
		0239E5BD1BDDA41B00D85C3C /* TreeViewController.swift in Sources */ = {isa = PBXBuildFile; fileRef = 0239E5BC1BDDA41B00D85C3C /* TreeViewController.swift */; };
		023B03811C150853003497FB /* MediaOverlayView.swift in Sources */ = {isa = PBXBuildFile; fileRef = 023B03801C150853003497FB /* MediaOverlayView.swift */; };
		023B03841C1515FC003497FB /* PeatAVPlayer.swift in Sources */ = {isa = PBXBuildFile; fileRef = 023B03831C1515FC003497FB /* PeatAVPlayer.swift */; };
		0242313F1C30A18200ED7E1B /* Comment.swift in Sources */ = {isa = PBXBuildFile; fileRef = 0242313E1C30A18200ED7E1B /* Comment.swift */; };
		024231411C30A58200ED7E1B /* Thread.swift in Sources */ = {isa = PBXBuildFile; fileRef = 024231401C30A58200ED7E1B /* Thread.swift */; };
		025D0DB31BD5CACB00462783 /* PeatSocialMediator.swift in Sources */ = {isa = PBXBuildFile; fileRef = 025D0DB21BD5CACB00462783 /* PeatSocialMediator.swift */; };
		025D0DB71BD72F6C00462783 /* FriendTableViewCell.swift in Sources */ = {isa = PBXBuildFile; fileRef = 025D0DB61BD72F6C00462783 /* FriendTableViewCell.swift */; };
		026325BF1C69786D00A959FE /* MediaDrilldownTableViewCell.swift in Sources */ = {isa = PBXBuildFile; fileRef = 026325BE1C69786D00A959FE /* MediaDrilldownTableViewCell.swift */; };
		0264A6651C6D75560056966A /* Membership.swift in Sources */ = {isa = PBXBuildFile; fileRef = 0264A6641C6D75560056966A /* Membership.swift */; };
		0264A6671C6D7CBB0056966A /* TipsTableViewCell.swift in Sources */ = {isa = PBXBuildFile; fileRef = 0264A6661C6D7CBB0056966A /* TipsTableViewCell.swift */; };
		027C33FE1C532E6100D86F0F /* StringHelpers.swift in Sources */ = {isa = PBXBuildFile; fileRef = 027C33FD1C532E6100D86F0F /* StringHelpers.swift */; };
		027C34001C53332900D86F0F /* AlertViews.swift in Sources */ = {isa = PBXBuildFile; fileRef = 027C33FF1C53332900D86F0F /* AlertViews.swift */; };
		027C34021C53392300D86F0F /* MediaUploadViewController.swift in Sources */ = {isa = PBXBuildFile; fileRef = 027C34011C53392300D86F0F /* MediaUploadViewController.swift */; };
		027C34041C55178000D86F0F /* LoginViewController.swift in Sources */ = {isa = PBXBuildFile; fileRef = 027C34031C55178000D86F0F /* LoginViewController.swift */; };
		027C34081C55239800D86F0F /* CurrentUser.swift in Sources */ = {isa = PBXBuildFile; fileRef = 027C34071C55239800D86F0F /* CurrentUser.swift */; };
		027C340B1C55465200D86F0F /* GatekeeperViewController.swift in Sources */ = {isa = PBXBuildFile; fileRef = 027C340A1C55465200D86F0F /* GatekeeperViewController.swift */; };
		027C340D1C5562A800D86F0F /* AuthViewController.swift in Sources */ = {isa = PBXBuildFile; fileRef = 027C340C1C5562A800D86F0F /* AuthViewController.swift */; };
		027C75BF1C509AD1008D6DAE /* LeafDetailTableViewController.swift in Sources */ = {isa = PBXBuildFile; fileRef = 027C75BE1C509AD1008D6DAE /* LeafDetailTableViewController.swift */; };
		027C75C11C509E51008D6DAE /* PostCommentTableViewCell.swift in Sources */ = {isa = PBXBuildFile; fileRef = 027C75C01C509E51008D6DAE /* PostCommentTableViewCell.swift */; };
		027E31081BA2780C001FCF70 /* AppDelegate.swift in Sources */ = {isa = PBXBuildFile; fileRef = 027E31071BA2780C001FCF70 /* AppDelegate.swift */; };
		027E310D1BA2780D001FCF70 /* Main.storyboard in Resources */ = {isa = PBXBuildFile; fileRef = 027E310B1BA2780D001FCF70 /* Main.storyboard */; };
		027E310F1BA2780D001FCF70 /* Images.xcassets in Resources */ = {isa = PBXBuildFile; fileRef = 027E310E1BA2780D001FCF70 /* Images.xcassets */; };
		027E31121BA2780D001FCF70 /* LaunchScreen.xib in Resources */ = {isa = PBXBuildFile; fileRef = 027E31101BA2780D001FCF70 /* LaunchScreen.xib */; };
		027E311E1BA2780D001FCF70 /* PeatTests.swift in Sources */ = {isa = PBXBuildFile; fileRef = 027E311D1BA2780D001FCF70 /* PeatTests.swift */; };
		027E31281BA27875001FCF70 /* APIService.swift in Sources */ = {isa = PBXBuildFile; fileRef = 027E31271BA27875001FCF70 /* APIService.swift */; };
		02917C141BEC27A90060999A /* LeafDetailViewController.swift in Sources */ = {isa = PBXBuildFile; fileRef = 02917C131BEC27A90060999A /* LeafDetailViewController.swift */; };
		0296A8C51C603BA10074D1F1 /* UIColor+Random.swift in Sources */ = {isa = PBXBuildFile; fileRef = 0296A8C41C603BA10074D1F1 /* UIColor+Random.swift */; };
		02A11C9E1BB9D48E0064AE95 /* MediaTableViewCell.swift in Sources */ = {isa = PBXBuildFile; fileRef = 02A11C9D1BB9D48E0064AE95 /* MediaTableViewCell.swift */; };
		02A11CA01BB9D4CA0064AE95 /* NewsfeedTableViewController.swift in Sources */ = {isa = PBXBuildFile; fileRef = 02A11C9F1BB9D4CA0064AE95 /* NewsfeedTableViewController.swift */; };
		02A11CA51BB9EDAB0064AE95 /* PeatContentStore.swift in Sources */ = {isa = PBXBuildFile; fileRef = 02A11CA41BB9EDAB0064AE95 /* PeatContentStore.swift */; };
		02A11CA71BB9EDC50064AE95 /* MediaObject.swift in Sources */ = {isa = PBXBuildFile; fileRef = 02A11CA61BB9EDC50064AE95 /* MediaObject.swift */; };
		02A11CA91BB9F1670064AE95 /* AWSContentHelper.swift in Sources */ = {isa = PBXBuildFile; fileRef = 02A11CA81BB9F1670064AE95 /* AWSContentHelper.swift */; };
		02A740F51C4DF944000C080D /* EnumHelpers.swift in Sources */ = {isa = PBXBuildFile; fileRef = 02A740F41C4DF944000C080D /* EnumHelpers.swift */; };
		02A740F71C4E0044000C080D /* Protocols.swift in Sources */ = {isa = PBXBuildFile; fileRef = 02A740F61C4E0044000C080D /* Protocols.swift */; };
		02B469B31BFE9BF100704269 /* SocketService.swift in Sources */ = {isa = PBXBuildFile; fileRef = 02B469B21BFE9BF100704269 /* SocketService.swift */; };
		02D0A9181BC349B30018596F /* VideoObject.swift in Sources */ = {isa = PBXBuildFile; fileRef = 02D0A9171BC349B30018596F /* VideoObject.swift */; };
		02D0A91A1BC349C10018596F /* PhotoObject.swift in Sources */ = {isa = PBXBuildFile; fileRef = 02D0A9191BC349C10018596F /* PhotoObject.swift */; };
		02D0A91C1BC35ACE0018596F /* PeatContentFactory.swift in Sources */ = {isa = PBXBuildFile; fileRef = 02D0A91B1BC35ACE0018596F /* PeatContentFactory.swift */; };
		02D11D411C5AFA8C0054E1AC /* FriendRequestTableViewCell.swift in Sources */ = {isa = PBXBuildFile; fileRef = 02D11D401C5AFA8C0054E1AC /* FriendRequestTableViewCell.swift */; };
		02D72E8B1BD0926900EC115E /* FriendsTableViewController.swift in Sources */ = {isa = PBXBuildFile; fileRef = 02D72E8A1BD0926900EC115E /* FriendsTableViewController.swift */; };
		02D72E8D1BD0929B00EC115E /* User.swift in Sources */ = {isa = PBXBuildFile; fileRef = 02D72E8C1BD0929B00EC115E /* User.swift */; };
		02EE26961BE181D6006DAE81 /* Leaf.swift in Sources */ = {isa = PBXBuildFile; fileRef = 02EE26951BE181D6006DAE81 /* Leaf.swift */; };
		02F2DA691C16875C00CA1328 /* UIImageExtension.swift in Sources */ = {isa = PBXBuildFile; fileRef = 02F2DA681C16875C00CA1328 /* UIImageExtension.swift */; };
		02F60DEA1BB330F800F189F0 /* AVFoundation.framework in Frameworks */ = {isa = PBXBuildFile; fileRef = 02F60DE91BB330F800F189F0 /* AVFoundation.framework */; };
		02FD6C931BB38C69003A3DDD /* CameraViewController.swift in Sources */ = {isa = PBXBuildFile; fileRef = 02FD6C921BB38C69003A3DDD /* CameraViewController.swift */; };
		DA8FE7BD7B07D58B9007610C /* Pods.framework in Frameworks */ = {isa = PBXBuildFile; fileRef = FB87F9D425CD4D0A7CBEB8A0 /* Pods.framework */; };
/* End PBXBuildFile section */

/* Begin PBXContainerItemProxy section */
		027E31181BA2780D001FCF70 /* PBXContainerItemProxy */ = {
			isa = PBXContainerItemProxy;
			containerPortal = 027E30FA1BA2780C001FCF70 /* Project object */;
			proxyType = 1;
			remoteGlobalIDString = 027E31011BA2780C001FCF70;
			remoteInfo = Peat;
		};
/* End PBXContainerItemProxy section */

/* Begin PBXFileReference section */
		02069E051C114E5C007E18EB /* MediaDescriptionTableViewCell.swift */ = {isa = PBXFileReference; fileEncoding = 4; lastKnownFileType = sourcecode.swift; path = MediaDescriptionTableViewCell.swift; sourceTree = "<group>"; };
		02069E071C114E68007E18EB /* CommentsTableViewCell.swift */ = {isa = PBXFileReference; fileEncoding = 4; lastKnownFileType = sourcecode.swift; path = CommentsTableViewCell.swift; sourceTree = "<group>"; };
		021C1BF41C4F33B000FDEFED /* LeafView.swift */ = {isa = PBXFileReference; fileEncoding = 4; lastKnownFileType = sourcecode.swift; path = LeafView.swift; sourceTree = "<group>"; };
		021C90091BEFF5DD00C79538 /* RootViewController.swift */ = {isa = PBXFileReference; fileEncoding = 4; lastKnownFileType = sourcecode.swift; path = RootViewController.swift; sourceTree = "<group>"; };
		021C900B1BEFFF7000C79538 /* HomeViewController.swift */ = {isa = PBXFileReference; fileEncoding = 4; lastKnownFileType = sourcecode.swift; path = HomeViewController.swift; sourceTree = "<group>"; };
		021C900D1BF0012C00C79538 /* MenuTableViewController.swift */ = {isa = PBXFileReference; fileEncoding = 4; lastKnownFileType = sourcecode.swift; path = MenuTableViewController.swift; sourceTree = "<group>"; };
		021C900F1BF0135B00C79538 /* SideMenuClient.swift */ = {isa = PBXFileReference; fileEncoding = 4; lastKnownFileType = sourcecode.swift; path = SideMenuClient.swift; sourceTree = "<group>"; };
		0221BB511C6663C00027EB42 /* WitnessRequestViewController.swift */ = {isa = PBXFileReference; fileEncoding = 4; lastKnownFileType = sourcecode.swift; path = WitnessRequestViewController.swift; sourceTree = "<group>"; };
		0221BB531C66FC7C0027EB42 /* Witness.swift */ = {isa = PBXFileReference; fileEncoding = 4; lastKnownFileType = sourcecode.swift; path = Witness.swift; sourceTree = "<group>"; };
		0221BB571C67938A0027EB42 /* ProfileLoadViewController.swift */ = {isa = PBXFileReference; fileEncoding = 4; lastKnownFileType = sourcecode.swift; path = ProfileLoadViewController.swift; sourceTree = "<group>"; };
		0221BB591C6804240027EB42 /* CommentsTableViewController.swift */ = {isa = PBXFileReference; fileEncoding = 4; lastKnownFileType = sourcecode.swift; path = CommentsTableViewController.swift; sourceTree = "<group>"; };
		022AB6901C5C251900F1168E /* LeafGrouping.swift */ = {isa = PBXFileReference; fileEncoding = 4; lastKnownFileType = sourcecode.swift; path = LeafGrouping.swift; sourceTree = "<group>"; };
		022AB6921C5C313D00F1168E /* ColorExtensions.swift */ = {isa = PBXFileReference; fileEncoding = 4; lastKnownFileType = sourcecode.swift; path = ColorExtensions.swift; sourceTree = "<group>"; };
		022AB6961C5C45AA00F1168E /* LeafConnection.swift */ = {isa = PBXFileReference; fileEncoding = 4; lastKnownFileType = sourcecode.swift; path = LeafConnection.swift; sourceTree = "<group>"; };
		023355C71BD9E88B00E4D35F /* UserSearchResultTableViewCell.swift */ = {isa = PBXFileReference; fileEncoding = 4; lastKnownFileType = sourcecode.swift; path = UserSearchResultTableViewCell.swift; sourceTree = "<group>"; };
		0234BEFA1C59CBB40008BA89 /* Friendship.swift */ = {isa = PBXFileReference; fileEncoding = 4; lastKnownFileType = sourcecode.swift; path = Friendship.swift; sourceTree = "<group>"; };
		0239E5801BDBEF5C00D85C3C /* ProfileViewController.swift */ = {isa = PBXFileReference; fileEncoding = 4; lastKnownFileType = sourcecode.swift; path = ProfileViewController.swift; sourceTree = "<group>"; };
		0239E5BC1BDDA41B00D85C3C /* TreeViewController.swift */ = {isa = PBXFileReference; fileEncoding = 4; lastKnownFileType = sourcecode.swift; path = TreeViewController.swift; sourceTree = "<group>"; };
		023B03801C150853003497FB /* MediaOverlayView.swift */ = {isa = PBXFileReference; fileEncoding = 4; lastKnownFileType = sourcecode.swift; path = MediaOverlayView.swift; sourceTree = "<group>"; };
		023B03831C1515FC003497FB /* PeatAVPlayer.swift */ = {isa = PBXFileReference; fileEncoding = 4; lastKnownFileType = sourcecode.swift; path = PeatAVPlayer.swift; sourceTree = "<group>"; };
		0242313E1C30A18200ED7E1B /* Comment.swift */ = {isa = PBXFileReference; fileEncoding = 4; lastKnownFileType = sourcecode.swift; path = Comment.swift; sourceTree = "<group>"; };
		024231401C30A58200ED7E1B /* Thread.swift */ = {isa = PBXFileReference; fileEncoding = 4; lastKnownFileType = sourcecode.swift; path = Thread.swift; sourceTree = "<group>"; };
		025D0DB21BD5CACB00462783 /* PeatSocialMediator.swift */ = {isa = PBXFileReference; fileEncoding = 4; lastKnownFileType = sourcecode.swift; path = PeatSocialMediator.swift; sourceTree = "<group>"; };
		025D0DB61BD72F6C00462783 /* FriendTableViewCell.swift */ = {isa = PBXFileReference; fileEncoding = 4; lastKnownFileType = sourcecode.swift; path = FriendTableViewCell.swift; sourceTree = "<group>"; };
		026325BE1C69786D00A959FE /* MediaDrilldownTableViewCell.swift */ = {isa = PBXFileReference; fileEncoding = 4; lastKnownFileType = sourcecode.swift; path = MediaDrilldownTableViewCell.swift; sourceTree = "<group>"; };
		0264A6641C6D75560056966A /* Membership.swift */ = {isa = PBXFileReference; fileEncoding = 4; lastKnownFileType = sourcecode.swift; path = Membership.swift; sourceTree = "<group>"; };
		0264A6661C6D7CBB0056966A /* TipsTableViewCell.swift */ = {isa = PBXFileReference; fileEncoding = 4; lastKnownFileType = sourcecode.swift; path = TipsTableViewCell.swift; sourceTree = "<group>"; };
		027C33FD1C532E6100D86F0F /* StringHelpers.swift */ = {isa = PBXFileReference; fileEncoding = 4; lastKnownFileType = sourcecode.swift; path = StringHelpers.swift; sourceTree = "<group>"; };
		027C33FF1C53332900D86F0F /* AlertViews.swift */ = {isa = PBXFileReference; fileEncoding = 4; lastKnownFileType = sourcecode.swift; path = AlertViews.swift; sourceTree = "<group>"; };
		027C34011C53392300D86F0F /* MediaUploadViewController.swift */ = {isa = PBXFileReference; fileEncoding = 4; lastKnownFileType = sourcecode.swift; path = MediaUploadViewController.swift; sourceTree = "<group>"; };
		027C34031C55178000D86F0F /* LoginViewController.swift */ = {isa = PBXFileReference; fileEncoding = 4; lastKnownFileType = sourcecode.swift; path = LoginViewController.swift; sourceTree = "<group>"; };
		027C34071C55239800D86F0F /* CurrentUser.swift */ = {isa = PBXFileReference; fileEncoding = 4; lastKnownFileType = sourcecode.swift; path = CurrentUser.swift; sourceTree = "<group>"; };
		027C340A1C55465200D86F0F /* GatekeeperViewController.swift */ = {isa = PBXFileReference; fileEncoding = 4; lastKnownFileType = sourcecode.swift; path = GatekeeperViewController.swift; sourceTree = "<group>"; };
		027C340C1C5562A800D86F0F /* AuthViewController.swift */ = {isa = PBXFileReference; fileEncoding = 4; lastKnownFileType = sourcecode.swift; path = AuthViewController.swift; sourceTree = "<group>"; };
		027C75BE1C509AD1008D6DAE /* LeafDetailTableViewController.swift */ = {isa = PBXFileReference; fileEncoding = 4; lastKnownFileType = sourcecode.swift; name = LeafDetailTableViewController.swift; path = ../LeafDetailTableViewController.swift; sourceTree = "<group>"; };
		027C75C01C509E51008D6DAE /* PostCommentTableViewCell.swift */ = {isa = PBXFileReference; fileEncoding = 4; lastKnownFileType = sourcecode.swift; path = PostCommentTableViewCell.swift; sourceTree = "<group>"; };
		027E31021BA2780C001FCF70 /* Peat.app */ = {isa = PBXFileReference; explicitFileType = wrapper.application; includeInIndex = 0; path = Peat.app; sourceTree = BUILT_PRODUCTS_DIR; };
		027E31061BA2780C001FCF70 /* Info.plist */ = {isa = PBXFileReference; lastKnownFileType = text.plist.xml; path = Info.plist; sourceTree = "<group>"; };
		027E31071BA2780C001FCF70 /* AppDelegate.swift */ = {isa = PBXFileReference; lastKnownFileType = sourcecode.swift; path = AppDelegate.swift; sourceTree = "<group>"; };
		027E310C1BA2780D001FCF70 /* Base */ = {isa = PBXFileReference; lastKnownFileType = file.storyboard; name = Base; path = Base.lproj/Main.storyboard; sourceTree = "<group>"; };
		027E310E1BA2780D001FCF70 /* Images.xcassets */ = {isa = PBXFileReference; lastKnownFileType = folder.assetcatalog; path = Images.xcassets; sourceTree = "<group>"; };
		027E31111BA2780D001FCF70 /* Base */ = {isa = PBXFileReference; lastKnownFileType = file.xib; name = Base; path = Base.lproj/LaunchScreen.xib; sourceTree = "<group>"; };
		027E31171BA2780D001FCF70 /* PeatTests.xctest */ = {isa = PBXFileReference; explicitFileType = wrapper.cfbundle; includeInIndex = 0; path = PeatTests.xctest; sourceTree = BUILT_PRODUCTS_DIR; };
		027E311C1BA2780D001FCF70 /* Info.plist */ = {isa = PBXFileReference; lastKnownFileType = text.plist.xml; path = Info.plist; sourceTree = "<group>"; };
		027E311D1BA2780D001FCF70 /* PeatTests.swift */ = {isa = PBXFileReference; lastKnownFileType = sourcecode.swift; path = PeatTests.swift; sourceTree = "<group>"; };
		027E31271BA27875001FCF70 /* APIService.swift */ = {isa = PBXFileReference; fileEncoding = 4; lastKnownFileType = sourcecode.swift; path = APIService.swift; sourceTree = "<group>"; };
		02917C131BEC27A90060999A /* LeafDetailViewController.swift */ = {isa = PBXFileReference; fileEncoding = 4; lastKnownFileType = sourcecode.swift; path = LeafDetailViewController.swift; sourceTree = "<group>"; };
		0296A8C41C603BA10074D1F1 /* UIColor+Random.swift */ = {isa = PBXFileReference; fileEncoding = 4; lastKnownFileType = sourcecode.swift; path = "UIColor+Random.swift"; sourceTree = "<group>"; };
		02A11C9D1BB9D48E0064AE95 /* MediaTableViewCell.swift */ = {isa = PBXFileReference; fileEncoding = 4; lastKnownFileType = sourcecode.swift; path = MediaTableViewCell.swift; sourceTree = "<group>"; };
		02A11C9F1BB9D4CA0064AE95 /* NewsfeedTableViewController.swift */ = {isa = PBXFileReference; fileEncoding = 4; lastKnownFileType = sourcecode.swift; path = NewsfeedTableViewController.swift; sourceTree = "<group>"; };
		02A11CA41BB9EDAB0064AE95 /* PeatContentStore.swift */ = {isa = PBXFileReference; fileEncoding = 4; lastKnownFileType = sourcecode.swift; path = PeatContentStore.swift; sourceTree = "<group>"; };
		02A11CA61BB9EDC50064AE95 /* MediaObject.swift */ = {isa = PBXFileReference; fileEncoding = 4; lastKnownFileType = sourcecode.swift; path = MediaObject.swift; sourceTree = "<group>"; };
		02A11CA81BB9F1670064AE95 /* AWSContentHelper.swift */ = {isa = PBXFileReference; fileEncoding = 4; lastKnownFileType = sourcecode.swift; path = AWSContentHelper.swift; sourceTree = "<group>"; };
		02A740F41C4DF944000C080D /* EnumHelpers.swift */ = {isa = PBXFileReference; fileEncoding = 4; lastKnownFileType = sourcecode.swift; path = EnumHelpers.swift; sourceTree = "<group>"; };
		02A740F61C4E0044000C080D /* Protocols.swift */ = {isa = PBXFileReference; fileEncoding = 4; lastKnownFileType = sourcecode.swift; path = Protocols.swift; sourceTree = "<group>"; };
		02B469B21BFE9BF100704269 /* SocketService.swift */ = {isa = PBXFileReference; fileEncoding = 4; lastKnownFileType = sourcecode.swift; path = SocketService.swift; sourceTree = "<group>"; };
		02D0A9171BC349B30018596F /* VideoObject.swift */ = {isa = PBXFileReference; fileEncoding = 4; lastKnownFileType = sourcecode.swift; path = VideoObject.swift; sourceTree = "<group>"; };
		02D0A9191BC349C10018596F /* PhotoObject.swift */ = {isa = PBXFileReference; fileEncoding = 4; lastKnownFileType = sourcecode.swift; path = PhotoObject.swift; sourceTree = "<group>"; };
		02D0A91B1BC35ACE0018596F /* PeatContentFactory.swift */ = {isa = PBXFileReference; fileEncoding = 4; lastKnownFileType = sourcecode.swift; path = PeatContentFactory.swift; sourceTree = "<group>"; };
		02D11D401C5AFA8C0054E1AC /* FriendRequestTableViewCell.swift */ = {isa = PBXFileReference; fileEncoding = 4; lastKnownFileType = sourcecode.swift; path = FriendRequestTableViewCell.swift; sourceTree = "<group>"; };
		02D72E8A1BD0926900EC115E /* FriendsTableViewController.swift */ = {isa = PBXFileReference; fileEncoding = 4; lastKnownFileType = sourcecode.swift; path = FriendsTableViewController.swift; sourceTree = "<group>"; };
		02D72E8C1BD0929B00EC115E /* User.swift */ = {isa = PBXFileReference; fileEncoding = 4; lastKnownFileType = sourcecode.swift; path = User.swift; sourceTree = "<group>"; };
		02EE26951BE181D6006DAE81 /* Leaf.swift */ = {isa = PBXFileReference; fileEncoding = 4; lastKnownFileType = sourcecode.swift; path = Leaf.swift; sourceTree = "<group>"; };
		02F2DA681C16875C00CA1328 /* UIImageExtension.swift */ = {isa = PBXFileReference; fileEncoding = 4; lastKnownFileType = sourcecode.swift; path = UIImageExtension.swift; sourceTree = "<group>"; };
		02F60DE81BB32CD100F189F0 /* Peat-Bridging-Header.h */ = {isa = PBXFileReference; lastKnownFileType = sourcecode.c.h; path = "Peat-Bridging-Header.h"; sourceTree = "<group>"; };
		02F60DE91BB330F800F189F0 /* AVFoundation.framework */ = {isa = PBXFileReference; lastKnownFileType = wrapper.framework; name = AVFoundation.framework; path = System/Library/Frameworks/AVFoundation.framework; sourceTree = SDKROOT; };
		02FD6C921BB38C69003A3DDD /* CameraViewController.swift */ = {isa = PBXFileReference; fileEncoding = 4; lastKnownFileType = sourcecode.swift; path = CameraViewController.swift; sourceTree = "<group>"; };
		275CE9AE943487EC5C73621C /* Pods.debug.xcconfig */ = {isa = PBXFileReference; includeInIndex = 1; lastKnownFileType = text.xcconfig; name = Pods.debug.xcconfig; path = "Pods/Target Support Files/Pods/Pods.debug.xcconfig"; sourceTree = "<group>"; };
		F24416312EBB65AABDA22E62 /* Pods.release.xcconfig */ = {isa = PBXFileReference; includeInIndex = 1; lastKnownFileType = text.xcconfig; name = Pods.release.xcconfig; path = "Pods/Target Support Files/Pods/Pods.release.xcconfig"; sourceTree = "<group>"; };
		FB87F9D425CD4D0A7CBEB8A0 /* Pods.framework */ = {isa = PBXFileReference; explicitFileType = wrapper.framework; includeInIndex = 0; path = Pods.framework; sourceTree = BUILT_PRODUCTS_DIR; };
/* End PBXFileReference section */

/* Begin PBXFrameworksBuildPhase section */
		027E30FF1BA2780C001FCF70 /* Frameworks */ = {
			isa = PBXFrameworksBuildPhase;
			buildActionMask = 2147483647;
			files = (
				02F60DEA1BB330F800F189F0 /* AVFoundation.framework in Frameworks */,
				DA8FE7BD7B07D58B9007610C /* Pods.framework in Frameworks */,
			);
			runOnlyForDeploymentPostprocessing = 0;
		};
		027E31141BA2780D001FCF70 /* Frameworks */ = {
			isa = PBXFrameworksBuildPhase;
			buildActionMask = 2147483647;
			files = (
			);
			runOnlyForDeploymentPostprocessing = 0;
		};
/* End PBXFrameworksBuildPhase section */

/* Begin PBXGroup section */
		021C1BF31C4F23DB00FDEFED /* ContentAggregators */ = {
			isa = PBXGroup;
			children = (
				027C34071C55239800D86F0F /* CurrentUser.swift */,
				025D0DB21BD5CACB00462783 /* PeatSocialMediator.swift */,
				02A11CA41BB9EDAB0064AE95 /* PeatContentStore.swift */,
				02D0A91B1BC35ACE0018596F /* PeatContentFactory.swift */,
			);
			name = ContentAggregators;
			sourceTree = "<group>";
		};
		023B03821C15085A003497FB /* DataObjects */ = {
			isa = PBXGroup;
			children = (
				02A11CA61BB9EDC50064AE95 /* MediaObject.swift */,
				02D0A9191BC349C10018596F /* PhotoObject.swift */,
				022AB6961C5C45AA00F1168E /* LeafConnection.swift */,
				02D0A9171BC349B30018596F /* VideoObject.swift */,
				02D72E8C1BD0929B00EC115E /* User.swift */,
				0242313E1C30A18200ED7E1B /* Comment.swift */,
				0264A6641C6D75560056966A /* Membership.swift */,
				02EE26951BE181D6006DAE81 /* Leaf.swift */,
				022AB6901C5C251900F1168E /* LeafGrouping.swift */,
				024231401C30A58200ED7E1B /* Thread.swift */,
				0221BB531C66FC7C0027EB42 /* Witness.swift */,
				0234BEFA1C59CBB40008BA89 /* Friendship.swift */,
			);
			name = DataObjects;
			sourceTree = "<group>";
		};
		025D0DB81BD72F7200462783 /* Cells */ = {
			isa = PBXGroup;
			children = (
				025D0DB61BD72F6C00462783 /* FriendTableViewCell.swift */,
				02069E051C114E5C007E18EB /* MediaDescriptionTableViewCell.swift */,
				026325BE1C69786D00A959FE /* MediaDrilldownTableViewCell.swift */,
				0264A6661C6D7CBB0056966A /* TipsTableViewCell.swift */,
				02069E071C114E68007E18EB /* CommentsTableViewCell.swift */,
				02A11C9D1BB9D48E0064AE95 /* MediaTableViewCell.swift */,
				027C75C01C509E51008D6DAE /* PostCommentTableViewCell.swift */,
				023355C71BD9E88B00E4D35F /* UserSearchResultTableViewCell.swift */,
				02D11D401C5AFA8C0054E1AC /* FriendRequestTableViewCell.swift */,
			);
			name = Cells;
			sourceTree = "<group>";
		};
		025D0DB91BD72F8900462783 /* TableViews */ = {
			isa = PBXGroup;
			children = (
				027C75BE1C509AD1008D6DAE /* LeafDetailTableViewController.swift */,
				02D72E8A1BD0926900EC115E /* FriendsTableViewController.swift */,
				021C900D1BF0012C00C79538 /* MenuTableViewController.swift */,
				02A11C9F1BB9D4CA0064AE95 /* NewsfeedTableViewController.swift */,
				0221BB591C6804240027EB42 /* CommentsTableViewController.swift */,
			);
			name = TableViews;
			sourceTree = "<group>";
		};
		025E39261BC757DC00FF7DBA /* Interface */ = {
			isa = PBXGroup;
			children = (
				027E310B1BA2780D001FCF70 /* Main.storyboard */,
				027E31101BA2780D001FCF70 /* LaunchScreen.xib */,
			);
			name = Interface;
			sourceTree = "<group>";
		};
		027C34091C5523A700D86F0F /* Custom Views */ = {
			isa = PBXGroup;
			children = (
				021C1BF41C4F33B000FDEFED /* LeafView.swift */,
				0221BB511C6663C00027EB42 /* WitnessRequestViewController.swift */,
				023B03801C150853003497FB /* MediaOverlayView.swift */,
			);
			name = "Custom Views";
			sourceTree = "<group>";
		};
		027E30F91BA2780C001FCF70 = {
			isa = PBXGroup;
			children = (
				027E31041BA2780C001FCF70 /* Peat */,
				027E311A1BA2780D001FCF70 /* PeatTests */,
				027E31031BA2780C001FCF70 /* Products */,
				A964F5C030A54B0C5BB081B8 /* Pods */,
				5D83DCC398A503166A0A5ED4 /* Frameworks */,
			);
			sourceTree = "<group>";
		};
		027E31031BA2780C001FCF70 /* Products */ = {
			isa = PBXGroup;
			children = (
				027E31021BA2780C001FCF70 /* Peat.app */,
				027E31171BA2780D001FCF70 /* PeatTests.xctest */,
			);
			name = Products;
			sourceTree = "<group>";
		};
		027E31041BA2780C001FCF70 /* Peat */ = {
			isa = PBXGroup;
			children = (
				027E31071BA2780C001FCF70 /* AppDelegate.swift */,
				02B469B11BFE9BAC00704269 /* Networking */,
				02B469B01BFE9BA500704269 /* Extensions */,
				025E39261BC757DC00FF7DBA /* Interface */,
				02A11CA31BB9EC9B0064AE95 /* Models */,
				02F60DE71BB32CA200F189F0 /* Controllers */,
				02F60DE61BB32C8F00F189F0 /* Lib */,
				027E310E1BA2780D001FCF70 /* Images.xcassets */,
				027E31051BA2780C001FCF70 /* Supporting Files */,
			);
			path = Peat;
			sourceTree = "<group>";
		};
		027E31051BA2780C001FCF70 /* Supporting Files */ = {
			isa = PBXGroup;
			children = (
				027E31061BA2780C001FCF70 /* Info.plist */,
			);
			name = "Supporting Files";
			sourceTree = "<group>";
		};
		027E311A1BA2780D001FCF70 /* PeatTests */ = {
			isa = PBXGroup;
			children = (
				027E311D1BA2780D001FCF70 /* PeatTests.swift */,
				027E311B1BA2780D001FCF70 /* Supporting Files */,
			);
			path = PeatTests;
			sourceTree = "<group>";
		};
		027E311B1BA2780D001FCF70 /* Supporting Files */ = {
			isa = PBXGroup;
			children = (
				027E311C1BA2780D001FCF70 /* Info.plist */,
			);
			name = "Supporting Files";
			sourceTree = "<group>";
		};
		02A11CA31BB9EC9B0064AE95 /* Models */ = {
			isa = PBXGroup;
			children = (
				021C1BF31C4F23DB00FDEFED /* ContentAggregators */,
				023B03821C15085A003497FB /* DataObjects */,
				027C34091C5523A700D86F0F /* Custom Views */,
				023B03831C1515FC003497FB /* PeatAVPlayer.swift */,
				021C900F1BF0135B00C79538 /* SideMenuClient.swift */,
			);
			name = Models;
			sourceTree = "<group>";
		};
		02B469B01BFE9BA500704269 /* Extensions */ = {
			isa = PBXGroup;
			children = (
				02F2DA681C16875C00CA1328 /* UIImageExtension.swift */,
				02A740F41C4DF944000C080D /* EnumHelpers.swift */,
				02A740F61C4E0044000C080D /* Protocols.swift */,
				027C33FD1C532E6100D86F0F /* StringHelpers.swift */,
				027C33FF1C53332900D86F0F /* AlertViews.swift */,
				022AB6921C5C313D00F1168E /* ColorExtensions.swift */,
				0296A8C41C603BA10074D1F1 /* UIColor+Random.swift */,
			);
			name = Extensions;
			sourceTree = "<group>";
		};
		02B469B11BFE9BAC00704269 /* Networking */ = {
			isa = PBXGroup;
			children = (
				027E31271BA27875001FCF70 /* APIService.swift */,
				02A11CA81BB9F1670064AE95 /* AWSContentHelper.swift */,
				02B469B21BFE9BF100704269 /* SocketService.swift */,
			);
			name = Networking;
			sourceTree = "<group>";
		};
		02F60DE61BB32C8F00F189F0 /* Lib */ = {
			isa = PBXGroup;
			children = (
				02F60DE81BB32CD100F189F0 /* Peat-Bridging-Header.h */,
			);
			name = Lib;
			sourceTree = "<group>";
		};
		02F60DE71BB32CA200F189F0 /* Controllers */ = {
			isa = PBXGroup;
			children = (
				027C340C1C5562A800D86F0F /* AuthViewController.swift */,
				02FD6C921BB38C69003A3DDD /* CameraViewController.swift */,
				027C34031C55178000D86F0F /* LoginViewController.swift */,
				027C340A1C55465200D86F0F /* GatekeeperViewController.swift */,
				021C90091BEFF5DD00C79538 /* RootViewController.swift */,
				0221BB571C67938A0027EB42 /* ProfileLoadViewController.swift */,
				021C900B1BEFFF7000C79538 /* HomeViewController.swift */,
				0239E5801BDBEF5C00D85C3C /* ProfileViewController.swift */,
				0239E5BC1BDDA41B00D85C3C /* TreeViewController.swift */,
				02917C131BEC27A90060999A /* LeafDetailViewController.swift */,
				027C34011C53392300D86F0F /* MediaUploadViewController.swift */,
				025D0DB91BD72F8900462783 /* TableViews */,
				025D0DB81BD72F7200462783 /* Cells */,
			);
			name = Controllers;
			sourceTree = "<group>";
		};
		5D83DCC398A503166A0A5ED4 /* Frameworks */ = {
			isa = PBXGroup;
			children = (
				02F60DE91BB330F800F189F0 /* AVFoundation.framework */,
				FB87F9D425CD4D0A7CBEB8A0 /* Pods.framework */,
			);
			name = Frameworks;
			sourceTree = "<group>";
		};
		A964F5C030A54B0C5BB081B8 /* Pods */ = {
			isa = PBXGroup;
			children = (
				275CE9AE943487EC5C73621C /* Pods.debug.xcconfig */,
				F24416312EBB65AABDA22E62 /* Pods.release.xcconfig */,
			);
			name = Pods;
			sourceTree = "<group>";
		};
/* End PBXGroup section */

/* Begin PBXNativeTarget section */
		027E31011BA2780C001FCF70 /* Peat */ = {
			isa = PBXNativeTarget;
			buildConfigurationList = 027E31211BA2780D001FCF70 /* Build configuration list for PBXNativeTarget "Peat" */;
			buildPhases = (
				730752F90B75742EBD6D7F9A /* Check Pods Manifest.lock */,
				027E30FE1BA2780C001FCF70 /* Sources */,
				027E30FF1BA2780C001FCF70 /* Frameworks */,
				027E31001BA2780C001FCF70 /* Resources */,
				84D03F7F77FB147CA6978404 /* Embed Pods Frameworks */,
				EAAEA8FF311CD4CC10DEF388 /* Copy Pods Resources */,
			);
			buildRules = (
			);
			dependencies = (
			);
			name = Peat;
			productName = Peat;
			productReference = 027E31021BA2780C001FCF70 /* Peat.app */;
			productType = "com.apple.product-type.application";
		};
		027E31161BA2780D001FCF70 /* PeatTests */ = {
			isa = PBXNativeTarget;
			buildConfigurationList = 027E31241BA2780D001FCF70 /* Build configuration list for PBXNativeTarget "PeatTests" */;
			buildPhases = (
				027E31131BA2780D001FCF70 /* Sources */,
				027E31141BA2780D001FCF70 /* Frameworks */,
				027E31151BA2780D001FCF70 /* Resources */,
			);
			buildRules = (
			);
			dependencies = (
				027E31191BA2780D001FCF70 /* PBXTargetDependency */,
			);
			name = PeatTests;
			productName = PeatTests;
			productReference = 027E31171BA2780D001FCF70 /* PeatTests.xctest */;
			productType = "com.apple.product-type.bundle.unit-test";
		};
/* End PBXNativeTarget section */

/* Begin PBXProject section */
		027E30FA1BA2780C001FCF70 /* Project object */ = {
			isa = PBXProject;
			attributes = {
				LastSwiftMigration = 0700;
				LastSwiftUpdateCheck = 0700;
				LastUpgradeCheck = 0700;
				ORGANIZATIONNAME = "Matthew Barth";
				TargetAttributes = {
					027E31011BA2780C001FCF70 = {
						CreatedOnToolsVersion = 6.4;
					};
					027E31161BA2780D001FCF70 = {
						CreatedOnToolsVersion = 6.4;
						TestTargetID = 027E31011BA2780C001FCF70;
					};
				};
			};
			buildConfigurationList = 027E30FD1BA2780C001FCF70 /* Build configuration list for PBXProject "Peat" */;
			compatibilityVersion = "Xcode 3.2";
			developmentRegion = English;
			hasScannedForEncodings = 0;
			knownRegions = (
				en,
				Base,
			);
			mainGroup = 027E30F91BA2780C001FCF70;
			productRefGroup = 027E31031BA2780C001FCF70 /* Products */;
			projectDirPath = "";
			projectRoot = "";
			targets = (
				027E31011BA2780C001FCF70 /* Peat */,
				027E31161BA2780D001FCF70 /* PeatTests */,
			);
		};
/* End PBXProject section */

/* Begin PBXResourcesBuildPhase section */
		027E31001BA2780C001FCF70 /* Resources */ = {
			isa = PBXResourcesBuildPhase;
			buildActionMask = 2147483647;
			files = (
				027E310D1BA2780D001FCF70 /* Main.storyboard in Resources */,
				027E31121BA2780D001FCF70 /* LaunchScreen.xib in Resources */,
				027E310F1BA2780D001FCF70 /* Images.xcassets in Resources */,
			);
			runOnlyForDeploymentPostprocessing = 0;
		};
		027E31151BA2780D001FCF70 /* Resources */ = {
			isa = PBXResourcesBuildPhase;
			buildActionMask = 2147483647;
			files = (
			);
			runOnlyForDeploymentPostprocessing = 0;
		};
/* End PBXResourcesBuildPhase section */

/* Begin PBXShellScriptBuildPhase section */
		730752F90B75742EBD6D7F9A /* Check Pods Manifest.lock */ = {
			isa = PBXShellScriptBuildPhase;
			buildActionMask = 2147483647;
			files = (
			);
			inputPaths = (
			);
			name = "Check Pods Manifest.lock";
			outputPaths = (
			);
			runOnlyForDeploymentPostprocessing = 0;
			shellPath = /bin/sh;
			shellScript = "diff \"${PODS_ROOT}/../Podfile.lock\" \"${PODS_ROOT}/Manifest.lock\" > /dev/null\nif [[ $? != 0 ]] ; then\n    cat << EOM\nerror: The sandbox is not in sync with the Podfile.lock. Run 'pod install' or update your CocoaPods installation.\nEOM\n    exit 1\nfi\n";
			showEnvVarsInLog = 0;
		};
		84D03F7F77FB147CA6978404 /* Embed Pods Frameworks */ = {
			isa = PBXShellScriptBuildPhase;
			buildActionMask = 2147483647;
			files = (
			);
			inputPaths = (
			);
			name = "Embed Pods Frameworks";
			outputPaths = (
			);
			runOnlyForDeploymentPostprocessing = 0;
			shellPath = /bin/sh;
			shellScript = "\"${SRCROOT}/Pods/Target Support Files/Pods/Pods-frameworks.sh\"\n";
			showEnvVarsInLog = 0;
		};
		EAAEA8FF311CD4CC10DEF388 /* Copy Pods Resources */ = {
			isa = PBXShellScriptBuildPhase;
			buildActionMask = 2147483647;
			files = (
			);
			inputPaths = (
			);
			name = "Copy Pods Resources";
			outputPaths = (
			);
			runOnlyForDeploymentPostprocessing = 0;
			shellPath = /bin/sh;
			shellScript = "\"${SRCROOT}/Pods/Target Support Files/Pods/Pods-resources.sh\"\n";
			showEnvVarsInLog = 0;
		};
/* End PBXShellScriptBuildPhase section */

/* Begin PBXSourcesBuildPhase section */
		027E30FE1BA2780C001FCF70 /* Sources */ = {
			isa = PBXSourcesBuildPhase;
			buildActionMask = 2147483647;
			files = (
				0221BB5A1C6804240027EB42 /* CommentsTableViewController.swift in Sources */,
				027C33FE1C532E6100D86F0F /* StringHelpers.swift in Sources */,
				0264A6671C6D7CBB0056966A /* TipsTableViewCell.swift in Sources */,
				027E31281BA27875001FCF70 /* APIService.swift in Sources */,
				02FD6C931BB38C69003A3DDD /* CameraViewController.swift in Sources */,
				02D11D411C5AFA8C0054E1AC /* FriendRequestTableViewCell.swift in Sources */,
				02D72E8B1BD0926900EC115E /* FriendsTableViewController.swift in Sources */,
				02A740F71C4E0044000C080D /* Protocols.swift in Sources */,
				022AB6931C5C313D00F1168E /* ColorExtensions.swift in Sources */,
				0296A8C51C603BA10074D1F1 /* UIColor+Random.swift in Sources */,
				025D0DB31BD5CACB00462783 /* PeatSocialMediator.swift in Sources */,
				02A11CA51BB9EDAB0064AE95 /* PeatContentStore.swift in Sources */,
				02A740F51C4DF944000C080D /* EnumHelpers.swift in Sources */,
				0239E5BD1BDDA41B00D85C3C /* TreeViewController.swift in Sources */,
				021C900C1BEFFF7000C79538 /* HomeViewController.swift in Sources */,
				021C1BF51C4F33B000FDEFED /* LeafView.swift in Sources */,
				02D0A91C1BC35ACE0018596F /* PeatContentFactory.swift in Sources */,
				0234BEFB1C59CBB40008BA89 /* Friendship.swift in Sources */,
				0239E5811BDBEF5C00D85C3C /* ProfileViewController.swift in Sources */,
				022AB6911C5C251900F1168E /* LeafGrouping.swift in Sources */,
				02A11CA71BB9EDC50064AE95 /* MediaObject.swift in Sources */,
				024231411C30A58200ED7E1B /* Thread.swift in Sources */,
				027C340D1C5562A800D86F0F /* AuthViewController.swift in Sources */,
				02D72E8D1BD0929B00EC115E /* User.swift in Sources */,
				02069E081C114E68007E18EB /* CommentsTableViewCell.swift in Sources */,
				0242313F1C30A18200ED7E1B /* Comment.swift in Sources */,
				023355C81BD9E88B00E4D35F /* UserSearchResultTableViewCell.swift in Sources */,
				02EE26961BE181D6006DAE81 /* Leaf.swift in Sources */,
				026325BF1C69786D00A959FE /* MediaDrilldownTableViewCell.swift in Sources */,
				02F2DA691C16875C00CA1328 /* UIImageExtension.swift in Sources */,
				027C75C11C509E51008D6DAE /* PostCommentTableViewCell.swift in Sources */,
				02A11CA01BB9D4CA0064AE95 /* NewsfeedTableViewController.swift in Sources */,
				0221BB581C67938A0027EB42 /* ProfileLoadViewController.swift in Sources */,
				027C340B1C55465200D86F0F /* GatekeeperViewController.swift in Sources */,
				027C34081C55239800D86F0F /* CurrentUser.swift in Sources */,
				027C75BF1C509AD1008D6DAE /* LeafDetailTableViewController.swift in Sources */,
				02D0A9181BC349B30018596F /* VideoObject.swift in Sources */,
				021C900A1BEFF5DD00C79538 /* RootViewController.swift in Sources */,
				02917C141BEC27A90060999A /* LeafDetailViewController.swift in Sources */,
				027C34001C53332900D86F0F /* AlertViews.swift in Sources */,
				021C90101BF0135B00C79538 /* SideMenuClient.swift in Sources */,
				02D0A91A1BC349C10018596F /* PhotoObject.swift in Sources */,
				02A11C9E1BB9D48E0064AE95 /* MediaTableViewCell.swift in Sources */,
				02A11CA91BB9F1670064AE95 /* AWSContentHelper.swift in Sources */,
				021C900E1BF0012C00C79538 /* MenuTableViewController.swift in Sources */,
				027C34041C55178000D86F0F /* LoginViewController.swift in Sources */,
				027C34021C53392300D86F0F /* MediaUploadViewController.swift in Sources */,
				023B03811C150853003497FB /* MediaOverlayView.swift in Sources */,
				0264A6651C6D75560056966A /* Membership.swift in Sources */,
				02069E061C114E5C007E18EB /* MediaDescriptionTableViewCell.swift in Sources */,
				0221BB521C6663C00027EB42 /* WitnessRequestViewController.swift in Sources */,
				022AB6971C5C45AA00F1168E /* LeafConnection.swift in Sources */,
				027E31081BA2780C001FCF70 /* AppDelegate.swift in Sources */,
				02B469B31BFE9BF100704269 /* SocketService.swift in Sources */,
				025D0DB71BD72F6C00462783 /* FriendTableViewCell.swift in Sources */,
				023B03841C1515FC003497FB /* PeatAVPlayer.swift in Sources */,
				0221BB541C66FC7C0027EB42 /* Witness.swift in Sources */,
			);
			runOnlyForDeploymentPostprocessing = 0;
		};
		027E31131BA2780D001FCF70 /* Sources */ = {
			isa = PBXSourcesBuildPhase;
			buildActionMask = 2147483647;
			files = (
				027E311E1BA2780D001FCF70 /* PeatTests.swift in Sources */,
			);
			runOnlyForDeploymentPostprocessing = 0;
		};
/* End PBXSourcesBuildPhase section */

/* Begin PBXTargetDependency section */
		027E31191BA2780D001FCF70 /* PBXTargetDependency */ = {
			isa = PBXTargetDependency;
			target = 027E31011BA2780C001FCF70 /* Peat */;
			targetProxy = 027E31181BA2780D001FCF70 /* PBXContainerItemProxy */;
		};
/* End PBXTargetDependency section */

/* Begin PBXVariantGroup section */
		027E310B1BA2780D001FCF70 /* Main.storyboard */ = {
			isa = PBXVariantGroup;
			children = (
				027E310C1BA2780D001FCF70 /* Base */,
			);
			name = Main.storyboard;
			sourceTree = "<group>";
		};
		027E31101BA2780D001FCF70 /* LaunchScreen.xib */ = {
			isa = PBXVariantGroup;
			children = (
				027E31111BA2780D001FCF70 /* Base */,
			);
			name = LaunchScreen.xib;
			sourceTree = "<group>";
		};
/* End PBXVariantGroup section */

/* Begin XCBuildConfiguration section */
		027E311F1BA2780D001FCF70 /* Debug */ = {
			isa = XCBuildConfiguration;
			buildSettings = {
				ALWAYS_SEARCH_USER_PATHS = NO;
				CLANG_CXX_LANGUAGE_STANDARD = "gnu++0x";
				CLANG_CXX_LIBRARY = "libc++";
				CLANG_ENABLE_MODULES = YES;
				CLANG_ENABLE_OBJC_ARC = YES;
				CLANG_WARN_BOOL_CONVERSION = YES;
				CLANG_WARN_CONSTANT_CONVERSION = YES;
				CLANG_WARN_DIRECT_OBJC_ISA_USAGE = YES_ERROR;
				CLANG_WARN_EMPTY_BODY = YES;
				CLANG_WARN_ENUM_CONVERSION = YES;
				CLANG_WARN_INT_CONVERSION = YES;
				CLANG_WARN_OBJC_ROOT_CLASS = YES_ERROR;
				CLANG_WARN_UNREACHABLE_CODE = YES;
				CLANG_WARN__DUPLICATE_METHOD_MATCH = YES;
				"CODE_SIGN_IDENTITY[sdk=iphoneos*]" = "iPhone Developer";
				COPY_PHASE_STRIP = NO;
				DEBUG_INFORMATION_FORMAT = "dwarf-with-dsym";
				ENABLE_STRICT_OBJC_MSGSEND = YES;
				ENABLE_TESTABILITY = YES;
				GCC_C_LANGUAGE_STANDARD = gnu99;
				GCC_DYNAMIC_NO_PIC = NO;
				GCC_NO_COMMON_BLOCKS = YES;
				GCC_OPTIMIZATION_LEVEL = 0;
				GCC_PREPROCESSOR_DEFINITIONS = (
					"DEBUG=1",
					"$(inherited)",
				);
				GCC_SYMBOLS_PRIVATE_EXTERN = NO;
				GCC_WARN_64_TO_32_BIT_CONVERSION = YES;
				GCC_WARN_ABOUT_RETURN_TYPE = YES_ERROR;
				GCC_WARN_UNDECLARED_SELECTOR = YES;
				GCC_WARN_UNINITIALIZED_AUTOS = YES_AGGRESSIVE;
				GCC_WARN_UNUSED_FUNCTION = YES;
				GCC_WARN_UNUSED_VARIABLE = YES;
				IPHONEOS_DEPLOYMENT_TARGET = 8.4;
				MTL_ENABLE_DEBUG_INFO = YES;
				ONLY_ACTIVE_ARCH = YES;
				SDKROOT = iphoneos;
				SWIFT_OPTIMIZATION_LEVEL = "-Onone";
			};
			name = Debug;
		};
		027E31201BA2780D001FCF70 /* Release */ = {
			isa = XCBuildConfiguration;
			buildSettings = {
				ALWAYS_SEARCH_USER_PATHS = NO;
				CLANG_CXX_LANGUAGE_STANDARD = "gnu++0x";
				CLANG_CXX_LIBRARY = "libc++";
				CLANG_ENABLE_MODULES = YES;
				CLANG_ENABLE_OBJC_ARC = YES;
				CLANG_WARN_BOOL_CONVERSION = YES;
				CLANG_WARN_CONSTANT_CONVERSION = YES;
				CLANG_WARN_DIRECT_OBJC_ISA_USAGE = YES_ERROR;
				CLANG_WARN_EMPTY_BODY = YES;
				CLANG_WARN_ENUM_CONVERSION = YES;
				CLANG_WARN_INT_CONVERSION = YES;
				CLANG_WARN_OBJC_ROOT_CLASS = YES_ERROR;
				CLANG_WARN_UNREACHABLE_CODE = YES;
				CLANG_WARN__DUPLICATE_METHOD_MATCH = YES;
				"CODE_SIGN_IDENTITY[sdk=iphoneos*]" = "iPhone Developer";
				COPY_PHASE_STRIP = NO;
				DEBUG_INFORMATION_FORMAT = "dwarf-with-dsym";
				ENABLE_NS_ASSERTIONS = NO;
				ENABLE_STRICT_OBJC_MSGSEND = YES;
				GCC_C_LANGUAGE_STANDARD = gnu99;
				GCC_NO_COMMON_BLOCKS = YES;
				GCC_WARN_64_TO_32_BIT_CONVERSION = YES;
				GCC_WARN_ABOUT_RETURN_TYPE = YES_ERROR;
				GCC_WARN_UNDECLARED_SELECTOR = YES;
				GCC_WARN_UNINITIALIZED_AUTOS = YES_AGGRESSIVE;
				GCC_WARN_UNUSED_FUNCTION = YES;
				GCC_WARN_UNUSED_VARIABLE = YES;
				IPHONEOS_DEPLOYMENT_TARGET = 8.4;
				MTL_ENABLE_DEBUG_INFO = NO;
				SDKROOT = iphoneos;
				VALIDATE_PRODUCT = YES;
			};
			name = Release;
		};
		027E31221BA2780D001FCF70 /* Debug */ = {
			isa = XCBuildConfiguration;
			baseConfigurationReference = 275CE9AE943487EC5C73621C /* Pods.debug.xcconfig */;
			buildSettings = {
				ASSETCATALOG_COMPILER_APPICON_NAME = AppIcon;
				INFOPLIST_FILE = Peat/Info.plist;
				LD_RUNPATH_SEARCH_PATHS = "$(inherited) @executable_path/Frameworks";
				PRODUCT_BUNDLE_IDENTIFIER = "com.dawnofindustry.$(PRODUCT_NAME:rfc1034identifier)";
				PRODUCT_NAME = "$(TARGET_NAME)";
				SWIFT_OBJC_BRIDGING_HEADER = "$(PROJECT_DIR)/Peat/Peat-Bridging-Header.h";
			};
			name = Debug;
		};
		027E31231BA2780D001FCF70 /* Release */ = {
			isa = XCBuildConfiguration;
			baseConfigurationReference = F24416312EBB65AABDA22E62 /* Pods.release.xcconfig */;
			buildSettings = {
				ASSETCATALOG_COMPILER_APPICON_NAME = AppIcon;
				INFOPLIST_FILE = Peat/Info.plist;
				LD_RUNPATH_SEARCH_PATHS = "$(inherited) @executable_path/Frameworks";
				PRODUCT_BUNDLE_IDENTIFIER = "com.dawnofindustry.$(PRODUCT_NAME:rfc1034identifier)";
				PRODUCT_NAME = "$(TARGET_NAME)";
				SWIFT_OBJC_BRIDGING_HEADER = "$(PROJECT_DIR)/Peat/Peat-Bridging-Header.h";
			};
			name = Release;
		};
		027E31251BA2780D001FCF70 /* Debug */ = {
			isa = XCBuildConfiguration;
			buildSettings = {
				BUNDLE_LOADER = "$(TEST_HOST)";
				GCC_PREPROCESSOR_DEFINITIONS = (
					"DEBUG=1",
					"$(inherited)",
				);
				INFOPLIST_FILE = PeatTests/Info.plist;
				LD_RUNPATH_SEARCH_PATHS = "$(inherited) @executable_path/Frameworks @loader_path/Frameworks";
				PRODUCT_BUNDLE_IDENTIFIER = "com.dawnofindustry.$(PRODUCT_NAME:rfc1034identifier)";
				PRODUCT_NAME = "$(TARGET_NAME)";
				TEST_HOST = "$(BUILT_PRODUCTS_DIR)/Peat.app/Peat";
			};
			name = Debug;
		};
		027E31261BA2780D001FCF70 /* Release */ = {
			isa = XCBuildConfiguration;
			buildSettings = {
				BUNDLE_LOADER = "$(TEST_HOST)";
				INFOPLIST_FILE = PeatTests/Info.plist;
				LD_RUNPATH_SEARCH_PATHS = "$(inherited) @executable_path/Frameworks @loader_path/Frameworks";
				PRODUCT_BUNDLE_IDENTIFIER = "com.dawnofindustry.$(PRODUCT_NAME:rfc1034identifier)";
				PRODUCT_NAME = "$(TARGET_NAME)";
				TEST_HOST = "$(BUILT_PRODUCTS_DIR)/Peat.app/Peat";
			};
			name = Release;
		};
/* End XCBuildConfiguration section */

/* Begin XCConfigurationList section */
		027E30FD1BA2780C001FCF70 /* Build configuration list for PBXProject "Peat" */ = {
			isa = XCConfigurationList;
			buildConfigurations = (
				027E311F1BA2780D001FCF70 /* Debug */,
				027E31201BA2780D001FCF70 /* Release */,
			);
			defaultConfigurationIsVisible = 0;
			defaultConfigurationName = Release;
		};
		027E31211BA2780D001FCF70 /* Build configuration list for PBXNativeTarget "Peat" */ = {
			isa = XCConfigurationList;
			buildConfigurations = (
				027E31221BA2780D001FCF70 /* Debug */,
				027E31231BA2780D001FCF70 /* Release */,
			);
			defaultConfigurationIsVisible = 0;
			defaultConfigurationName = Release;
		};
		027E31241BA2780D001FCF70 /* Build configuration list for PBXNativeTarget "PeatTests" */ = {
			isa = XCConfigurationList;
			buildConfigurations = (
				027E31251BA2780D001FCF70 /* Debug */,
				027E31261BA2780D001FCF70 /* Release */,
			);
			defaultConfigurationIsVisible = 0;
			defaultConfigurationName = Release;
		};
/* End XCConfigurationList section */
	};
	rootObject = 027E30FA1BA2780C001FCF70 /* Project object */;
}
